// !$*UTF8*$!
{
	archiveVersion = 1;
	classes = {
	};
	objectVersion = 50;
	objects = {

/* Begin PBXBuildFile section */
		2D40D70D20CB4FF9001E28FA /* AppDelegate.swift in Sources */ = {isa = PBXBuildFile; fileRef = 2D40D70C20CB4FF9001E28FA /* AppDelegate.swift */; };
		2D40D71220CB4FF9001E28FA /* Main.storyboard in Resources */ = {isa = PBXBuildFile; fileRef = 2D40D71020CB4FF9001E28FA /* Main.storyboard */; };
		2D40D71520CB4FF9001E28FA /* Expenses.xcdatamodeld in Sources */ = {isa = PBXBuildFile; fileRef = 2D40D71320CB4FF9001E28FA /* Expenses.xcdatamodeld */; };
		2D40D71720CB4FFA001E28FA /* Assets.xcassets in Resources */ = {isa = PBXBuildFile; fileRef = 2D40D71620CB4FFA001E28FA /* Assets.xcassets */; };
		2D40D71A20CB4FFA001E28FA /* LaunchScreen.storyboard in Resources */ = {isa = PBXBuildFile; fileRef = 2D40D71820CB4FFA001E28FA /* LaunchScreen.storyboard */; };
		2D40D72520CB4FFA001E28FA /* ExpensesUITests.swift in Sources */ = {isa = PBXBuildFile; fileRef = 2D40D72420CB4FFA001E28FA /* ExpensesUITests.swift */; };
		2D917A9B20CB522B001B3A5D /* Expense.swift in Sources */ = {isa = PBXBuildFile; fileRef = 2D917A9A20CB522B001B3A5D /* Expense.swift */; };
		2D917A9D20CB52AE001B3A5D /* ExpensesViewController.swift in Sources */ = {isa = PBXBuildFile; fileRef = 2D917A9C20CB52AE001B3A5D /* ExpensesViewController.swift */; };
		2D917A9F20CB5660001B3A5D /* ExpenseTableViewCell.swift in Sources */ = {isa = PBXBuildFile; fileRef = 2D917A9E20CB5660001B3A5D /* ExpenseTableViewCell.swift */; };
/* End PBXBuildFile section */

/* Begin PBXContainerItemProxy section */
		2D40D72120CB4FFA001E28FA /* PBXContainerItemProxy */ = {
			isa = PBXContainerItemProxy;
			containerPortal = 2D40D70120CB4FF9001E28FA /* Project object */;
			proxyType = 1;
			remoteGlobalIDString = 2D40D70820CB4FF9001E28FA;
			remoteInfo = Expenses;
		};
/* End PBXContainerItemProxy section */

/* Begin PBXFileReference section */
		2D40D70920CB4FF9001E28FA /* Expenses.app */ = {isa = PBXFileReference; explicitFileType = wrapper.application; includeInIndex = 0; path = Expenses.app; sourceTree = BUILT_PRODUCTS_DIR; };
		2D40D70C20CB4FF9001E28FA /* AppDelegate.swift */ = {isa = PBXFileReference; lastKnownFileType = sourcecode.swift; path = AppDelegate.swift; sourceTree = "<group>"; };
		2D40D71120CB4FF9001E28FA /* Base */ = {isa = PBXFileReference; lastKnownFileType = file.storyboard; name = Base; path = Base.lproj/Main.storyboard; sourceTree = "<group>"; };
		2D40D71420CB4FF9001E28FA /* Expenses.xcdatamodel */ = {isa = PBXFileReference; lastKnownFileType = wrapper.xcdatamodel; path = Expenses.xcdatamodel; sourceTree = "<group>"; };
		2D40D71620CB4FFA001E28FA /* Assets.xcassets */ = {isa = PBXFileReference; lastKnownFileType = folder.assetcatalog; path = Assets.xcassets; sourceTree = "<group>"; };
		2D40D71920CB4FFA001E28FA /* Base */ = {isa = PBXFileReference; lastKnownFileType = file.storyboard; name = Base; path = Base.lproj/LaunchScreen.storyboard; sourceTree = "<group>"; };
		2D40D71B20CB4FFA001E28FA /* Info.plist */ = {isa = PBXFileReference; lastKnownFileType = text.plist.xml; path = Info.plist; sourceTree = "<group>"; };
		2D40D72020CB4FFA001E28FA /* ExpensesUITests.xctest */ = {isa = PBXFileReference; explicitFileType = wrapper.cfbundle; includeInIndex = 0; path = ExpensesUITests.xctest; sourceTree = BUILT_PRODUCTS_DIR; };
		2D40D72420CB4FFA001E28FA /* ExpensesUITests.swift */ = {isa = PBXFileReference; lastKnownFileType = sourcecode.swift; path = ExpensesUITests.swift; sourceTree = "<group>"; };
		2D40D72620CB4FFA001E28FA /* Info.plist */ = {isa = PBXFileReference; lastKnownFileType = text.plist.xml; path = Info.plist; sourceTree = "<group>"; };
		2D917A9A20CB522B001B3A5D /* Expense.swift */ = {isa = PBXFileReference; lastKnownFileType = sourcecode.swift; path = Expense.swift; sourceTree = "<group>"; };
		2D917A9C20CB52AE001B3A5D /* ExpensesViewController.swift */ = {isa = PBXFileReference; lastKnownFileType = sourcecode.swift; path = ExpensesViewController.swift; sourceTree = "<group>"; };
		2D917A9E20CB5660001B3A5D /* ExpenseTableViewCell.swift */ = {isa = PBXFileReference; lastKnownFileType = sourcecode.swift; path = ExpenseTableViewCell.swift; sourceTree = "<group>"; };
/* End PBXFileReference section */

/* Begin PBXFrameworksBuildPhase section */
		2D40D70620CB4FF9001E28FA /* Frameworks */ = {
			isa = PBXFrameworksBuildPhase;
			buildActionMask = 2147483647;
			files = (
			);
			runOnlyForDeploymentPostprocessing = 0;
		};
		2D40D71D20CB4FFA001E28FA /* Frameworks */ = {
			isa = PBXFrameworksBuildPhase;
			buildActionMask = 2147483647;
			files = (
			);
			runOnlyForDeploymentPostprocessing = 0;
		};
/* End PBXFrameworksBuildPhase section */

/* Begin PBXGroup section */
		2D40D70020CB4FF9001E28FA = {
			isa = PBXGroup;
			children = (
				2D40D70B20CB4FF9001E28FA /* Expenses */,
				2D40D72320CB4FFA001E28FA /* ExpensesUITests */,
				2D40D70A20CB4FF9001E28FA /* Products */,
			);
			sourceTree = "<group>";
		};
		2D40D70A20CB4FF9001E28FA /* Products */ = {
			isa = PBXGroup;
			children = (
				2D40D70920CB4FF9001E28FA /* Expenses.app */,
				2D40D72020CB4FFA001E28FA /* ExpensesUITests.xctest */,
			);
			name = Products;
			sourceTree = "<group>";
		};
		2D40D70B20CB4FF9001E28FA /* Expenses */ = {
			isa = PBXGroup;
			children = (
				2D40D70C20CB4FF9001E28FA /* AppDelegate.swift */,
				2D40D71020CB4FF9001E28FA /* Main.storyboard */,
				2D917A9C20CB52AE001B3A5D /* ExpensesViewController.swift */,
				2D917A9E20CB5660001B3A5D /* ExpenseTableViewCell.swift */,
				2D40D71620CB4FFA001E28FA /* Assets.xcassets */,
				2D40D71820CB4FFA001E28FA /* LaunchScreen.storyboard */,
				2D40D71B20CB4FFA001E28FA /* Info.plist */,
				2D40D71320CB4FF9001E28FA /* Expenses.xcdatamodeld */,
				2D917A9A20CB522B001B3A5D /* Expense.swift */,
			);
			path = Expenses;
			sourceTree = "<group>";
		};
		2D40D72320CB4FFA001E28FA /* ExpensesUITests */ = {
			isa = PBXGroup;
			children = (
				2D40D72420CB4FFA001E28FA /* ExpensesUITests.swift */,
				2D40D72620CB4FFA001E28FA /* Info.plist */,
			);
			path = ExpensesUITests;
			sourceTree = "<group>";
		};
/* End PBXGroup section */

/* Begin PBXNativeTarget section */
		2D40D70820CB4FF9001E28FA /* Expenses */ = {
			isa = PBXNativeTarget;
			buildConfigurationList = 2D40D72920CB4FFA001E28FA /* Build configuration list for PBXNativeTarget "Expenses" */;
			buildPhases = (
				2D40D70520CB4FF9001E28FA /* Sources */,
				2D40D70620CB4FF9001E28FA /* Frameworks */,
				2D40D70720CB4FF9001E28FA /* Resources */,
			);
			buildRules = (
			);
			dependencies = (
			);
			name = Expenses;
			productName = Expenses;
			productReference = 2D40D70920CB4FF9001E28FA /* Expenses.app */;
			productType = "com.apple.product-type.application";
		};
		2D40D71F20CB4FFA001E28FA /* ExpensesUITests */ = {
			isa = PBXNativeTarget;
			buildConfigurationList = 2D40D72C20CB4FFA001E28FA /* Build configuration list for PBXNativeTarget "ExpensesUITests" */;
			buildPhases = (
				2D40D71C20CB4FFA001E28FA /* Sources */,
				2D40D71D20CB4FFA001E28FA /* Frameworks */,
				2D40D71E20CB4FFA001E28FA /* Resources */,
			);
			buildRules = (
			);
			dependencies = (
				2D40D72220CB4FFA001E28FA /* PBXTargetDependency */,
			);
			name = ExpensesUITests;
			productName = ExpensesUITests;
			productReference = 2D40D72020CB4FFA001E28FA /* ExpensesUITests.xctest */;
			productType = "com.apple.product-type.bundle.ui-testing";
		};
/* End PBXNativeTarget section */

/* Begin PBXProject section */
		2D40D70120CB4FF9001E28FA /* Project object */ = {
			isa = PBXProject;
			attributes = {
				LastSwiftUpdateCheck = 0940;
				LastUpgradeCheck = 0940;
				ORGANIZATIONNAME = "Dale Musser";
				TargetAttributes = {
					2D40D70820CB4FF9001E28FA = {
						CreatedOnToolsVersion = 9.4;
					};
					2D40D71F20CB4FFA001E28FA = {
						CreatedOnToolsVersion = 9.4;
						TestTargetID = 2D40D70820CB4FF9001E28FA;
					};
				};
			};
			buildConfigurationList = 2D40D70420CB4FF9001E28FA /* Build configuration list for PBXProject "Expenses" */;
			compatibilityVersion = "Xcode 9.3";
			developmentRegion = en;
			hasScannedForEncodings = 0;
			knownRegions = (
				en,
				Base,
			);
			mainGroup = 2D40D70020CB4FF9001E28FA;
			productRefGroup = 2D40D70A20CB4FF9001E28FA /* Products */;
			projectDirPath = "";
			projectRoot = "";
			targets = (
				2D40D70820CB4FF9001E28FA /* Expenses */,
				2D40D71F20CB4FFA001E28FA /* ExpensesUITests */,
			);
		};
/* End PBXProject section */

/* Begin PBXResourcesBuildPhase section */
		2D40D70720CB4FF9001E28FA /* Resources */ = {
			isa = PBXResourcesBuildPhase;
			buildActionMask = 2147483647;
			files = (
				2D40D71A20CB4FFA001E28FA /* LaunchScreen.storyboard in Resources */,
				2D40D71720CB4FFA001E28FA /* Assets.xcassets in Resources */,
				2D40D71220CB4FF9001E28FA /* Main.storyboard in Resources */,
			);
			runOnlyForDeploymentPostprocessing = 0;
		};
		2D40D71E20CB4FFA001E28FA /* Resources */ = {
			isa = PBXResourcesBuildPhase;
			buildActionMask = 2147483647;
			files = (
			);
			runOnlyForDeploymentPostprocessing = 0;
		};
/* End PBXResourcesBuildPhase section */

/* Begin PBXSourcesBuildPhase section */
		2D40D70520CB4FF9001E28FA /* Sources */ = {
			isa = PBXSourcesBuildPhase;
			buildActionMask = 2147483647;
			files = (
				2D917A9F20CB5660001B3A5D /* ExpenseTableViewCell.swift in Sources */,
				2D917A9B20CB522B001B3A5D /* Expense.swift in Sources */,
				2D917A9D20CB52AE001B3A5D /* ExpensesViewController.swift in Sources */,
				2D40D71520CB4FF9001E28FA /* Expenses.xcdatamodeld in Sources */,
				2D40D70D20CB4FF9001E28FA /* AppDelegate.swift in Sources */,
			);
			runOnlyForDeploymentPostprocessing = 0;
		};
		2D40D71C20CB4FFA001E28FA /* Sources */ = {
			isa = PBXSourcesBuildPhase;
			buildActionMask = 2147483647;
			files = (
				2D40D72520CB4FFA001E28FA /* ExpensesUITests.swift in Sources */,
			);
			runOnlyForDeploymentPostprocessing = 0;
		};
/* End PBXSourcesBuildPhase section */

/* Begin PBXTargetDependency section */
		2D40D72220CB4FFA001E28FA /* PBXTargetDependency */ = {
			isa = PBXTargetDependency;
			target = 2D40D70820CB4FF9001E28FA /* Expenses */;
			targetProxy = 2D40D72120CB4FFA001E28FA /* PBXContainerItemProxy */;
		};
/* End PBXTargetDependency section */

/* Begin PBXVariantGroup section */
		2D40D71020CB4FF9001E28FA /* Main.storyboard */ = {
			isa = PBXVariantGroup;
			children = (
				2D40D71120CB4FF9001E28FA /* Base */,
			);
			name = Main.storyboard;
			sourceTree = "<group>";
		};
		2D40D71820CB4FFA001E28FA /* LaunchScreen.storyboard */ = {
			isa = PBXVariantGroup;
			children = (
				2D40D71920CB4FFA001E28FA /* Base */,
			);
			name = LaunchScreen.storyboard;
			sourceTree = "<group>";
		};
/* End PBXVariantGroup section */

/* Begin XCBuildConfiguration section */
		2D40D72720CB4FFA001E28FA /* Debug */ = {
			isa = XCBuildConfiguration;
			buildSettings = {
				ALWAYS_SEARCH_USER_PATHS = NO;
				CLANG_ANALYZER_NONNULL = YES;
				CLANG_ANALYZER_NUMBER_OBJECT_CONVERSION = YES_AGGRESSIVE;
				CLANG_CXX_LANGUAGE_STANDARD = "gnu++14";
				CLANG_CXX_LIBRARY = "libc++";
				CLANG_ENABLE_MODULES = YES;
				CLANG_ENABLE_OBJC_ARC = YES;
				CLANG_ENABLE_OBJC_WEAK = YES;
				CLANG_WARN_BLOCK_CAPTURE_AUTORELEASING = YES;
				CLANG_WARN_BOOL_CONVERSION = YES;
				CLANG_WARN_COMMA = YES;
				CLANG_WARN_CONSTANT_CONVERSION = YES;
				CLANG_WARN_DEPRECATED_OBJC_IMPLEMENTATIONS = YES;
				CLANG_WARN_DIRECT_OBJC_ISA_USAGE = YES_ERROR;
				CLANG_WARN_DOCUMENTATION_COMMENTS = YES;
				CLANG_WARN_EMPTY_BODY = YES;
				CLANG_WARN_ENUM_CONVERSION = YES;
				CLANG_WARN_INFINITE_RECURSION = YES;
				CLANG_WARN_INT_CONVERSION = YES;
				CLANG_WARN_NON_LITERAL_NULL_CONVERSION = YES;
				CLANG_WARN_OBJC_IMPLICIT_RETAIN_SELF = YES;
				CLANG_WARN_OBJC_LITERAL_CONVERSION = YES;
				CLANG_WARN_OBJC_ROOT_CLASS = YES_ERROR;
				CLANG_WARN_RANGE_LOOP_ANALYSIS = YES;
				CLANG_WARN_STRICT_PROTOTYPES = YES;
				CLANG_WARN_SUSPICIOUS_MOVE = YES;
				CLANG_WARN_UNGUARDED_AVAILABILITY = YES_AGGRESSIVE;
				CLANG_WARN_UNREACHABLE_CODE = YES;
				CLANG_WARN__DUPLICATE_METHOD_MATCH = YES;
				CODE_SIGN_IDENTITY = "iPhone Developer";
				COPY_PHASE_STRIP = NO;
				DEBUG_INFORMATION_FORMAT = dwarf;
				ENABLE_STRICT_OBJC_MSGSEND = YES;
				ENABLE_TESTABILITY = YES;
				GCC_C_LANGUAGE_STANDARD = gnu11;
				GCC_DYNAMIC_NO_PIC = NO;
				GCC_NO_COMMON_BLOCKS = YES;
				GCC_OPTIMIZATION_LEVEL = 0;
				GCC_PREPROCESSOR_DEFINITIONS = (
					"DEBUG=1",
					"$(inherited)",
				);
				GCC_WARN_64_TO_32_BIT_CONVERSION = YES;
				GCC_WARN_ABOUT_RETURN_TYPE = YES_ERROR;
				GCC_WARN_UNDECLARED_SELECTOR = YES;
				GCC_WARN_UNINITIALIZED_AUTOS = YES_AGGRESSIVE;
				GCC_WARN_UNUSED_FUNCTION = YES;
				GCC_WARN_UNUSED_VARIABLE = YES;
				IPHONEOS_DEPLOYMENT_TARGET = 11.4;
				MTL_ENABLE_DEBUG_INFO = YES;
				ONLY_ACTIVE_ARCH = YES;
				SDKROOT = iphoneos;
				SWIFT_ACTIVE_COMPILATION_CONDITIONS = DEBUG;
				SWIFT_OPTIMIZATION_LEVEL = "-Onone";
			};
			name = Debug;
		};
		2D40D72820CB4FFA001E28FA /* Release */ = {
			isa = XCBuildConfiguration;
			buildSettings = {
				ALWAYS_SEARCH_USER_PATHS = NO;
				CLANG_ANALYZER_NONNULL = YES;
				CLANG_ANALYZER_NUMBER_OBJECT_CONVERSION = YES_AGGRESSIVE;
				CLANG_CXX_LANGUAGE_STANDARD = "gnu++14";
				CLANG_CXX_LIBRARY = "libc++";
				CLANG_ENABLE_MODULES = YES;
				CLANG_ENABLE_OBJC_ARC = YES;
				CLANG_ENABLE_OBJC_WEAK = YES;
				CLANG_WARN_BLOCK_CAPTURE_AUTORELEASING = YES;
				CLANG_WARN_BOOL_CONVERSION = YES;
				CLANG_WARN_COMMA = YES;
				CLANG_WARN_CONSTANT_CONVERSION = YES;
				CLANG_WARN_DEPRECATED_OBJC_IMPLEMENTATIONS = YES;
				CLANG_WARN_DIRECT_OBJC_ISA_USAGE = YES_ERROR;
				CLANG_WARN_DOCUMENTATION_COMMENTS = YES;
				CLANG_WARN_EMPTY_BODY = YES;
				CLANG_WARN_ENUM_CONVERSION = YES;
				CLANG_WARN_INFINITE_RECURSION = YES;
				CLANG_WARN_INT_CONVERSION = YES;
				CLANG_WARN_NON_LITERAL_NULL_CONVERSION = YES;
				CLANG_WARN_OBJC_IMPLICIT_RETAIN_SELF = YES;
				CLANG_WARN_OBJC_LITERAL_CONVERSION = YES;
				CLANG_WARN_OBJC_ROOT_CLASS = YES_ERROR;
				CLANG_WARN_RANGE_LOOP_ANALYSIS = YES;
				CLANG_WARN_STRICT_PROTOTYPES = YES;
				CLANG_WARN_SUSPICIOUS_MOVE = YES;
				CLANG_WARN_UNGUARDED_AVAILABILITY = YES_AGGRESSIVE;
				CLANG_WARN_UNREACHABLE_CODE = YES;
				CLANG_WARN__DUPLICATE_METHOD_MATCH = YES;
				CODE_SIGN_IDENTITY = "iPhone Developer";
				COPY_PHASE_STRIP = NO;
				DEBUG_INFORMATION_FORMAT = "dwarf-with-dsym";
				ENABLE_NS_ASSERTIONS = NO;
				ENABLE_STRICT_OBJC_MSGSEND = YES;
				GCC_C_LANGUAGE_STANDARD = gnu11;
				GCC_NO_COMMON_BLOCKS = YES;
				GCC_WARN_64_TO_32_BIT_CONVERSION = YES;
				GCC_WARN_ABOUT_RETURN_TYPE = YES_ERROR;
				GCC_WARN_UNDECLARED_SELECTOR = YES;
				GCC_WARN_UNINITIALIZED_AUTOS = YES_AGGRESSIVE;
				GCC_WARN_UNUSED_FUNCTION = YES;
				GCC_WARN_UNUSED_VARIABLE = YES;
				IPHONEOS_DEPLOYMENT_TARGET = 11.4;
				MTL_ENABLE_DEBUG_INFO = NO;
				SDKROOT = iphoneos;
				SWIFT_COMPILATION_MODE = wholemodule;
				SWIFT_OPTIMIZATION_LEVEL = "-O";
				VALIDATE_PRODUCT = YES;
			};
			name = Release;
		};
		2D40D72A20CB4FFA001E28FA /* Debug */ = {
			isa = XCBuildConfiguration;
			buildSettings = {
				ASSETCATALOG_COMPILER_APPICON_NAME = AppIcon;
				CODE_SIGN_STYLE = Automatic;
				DEVELOPMENT_TEAM = YDM8336QES;
				INFOPLIST_FILE = Expenses/Info.plist;
				LD_RUNPATH_SEARCH_PATHS = (
					"$(inherited)",
					"@executable_path/Frameworks",
				);
				PRODUCT_BUNDLE_IDENTIFIER = com.dalemusser.Expenses;
				PRODUCT_NAME = "$(TARGET_NAME)";
				SWIFT_VERSION = 4.0;
				TARGETED_DEVICE_FAMILY = "1,2";
			};
			name = Debug;
		};
		2D40D72B20CB4FFA001E28FA /* Release */ = {
			isa = XCBuildConfiguration;
			buildSettings = {
				ASSETCATALOG_COMPILER_APPICON_NAME = AppIcon;
				CODE_SIGN_STYLE = Automatic;
				DEVELOPMENT_TEAM = YDM8336QES;
				INFOPLIST_FILE = Expenses/Info.plist;
				LD_RUNPATH_SEARCH_PATHS = (
					"$(inherited)",
					"@executable_path/Frameworks",
				);
				PRODUCT_BUNDLE_IDENTIFIER = com.dalemusser.Expenses;
				PRODUCT_NAME = "$(TARGET_NAME)";
				SWIFT_VERSION = 4.0;
				TARGETED_DEVICE_FAMILY = "1,2";
			};
			name = Release;
		};
		2D40D72D20CB4FFA001E28FA /* Debug */ = {
			isa = XCBuildConfiguration;
			buildSettings = {
				ALWAYS_EMBED_SWIFT_STANDARD_LIBRARIES = YES;
				CODE_SIGN_STYLE = Automatic;
				DEVELOPMENT_TEAM = YDM8336QES;
				INFOPLIST_FILE = ExpensesUITests/Info.plist;
				LD_RUNPATH_SEARCH_PATHS = (
					"$(inherited)",
					"@executable_path/Frameworks",
					"@loader_path/Frameworks",
				);
				PRODUCT_BUNDLE_IDENTIFIER = com.dalemusser.ExpensesUITests;
				PRODUCT_NAME = "$(TARGET_NAME)";
				SWIFT_VERSION = 4.0;
				TARGETED_DEVICE_FAMILY = "1,2";
				TEST_TARGET_NAME = Expenses;
			};
			name = Debug;
		};
		2D40D72E20CB4FFA001E28FA /* Release */ = {
			isa = XCBuildConfiguration;
			buildSettings = {
				ALWAYS_EMBED_SWIFT_STANDARD_LIBRARIES = YES;
				CODE_SIGN_STYLE = Automatic;
				DEVELOPMENT_TEAM = YDM8336QES;
				INFOPLIST_FILE = ExpensesUITests/Info.plist;
				LD_RUNPATH_SEARCH_PATHS = (
					"$(inherited)",
					"@executable_path/Frameworks",
					"@loader_path/Frameworks",
				);
				PRODUCT_BUNDLE_IDENTIFIER = com.dalemusser.ExpensesUITests;
				PRODUCT_NAME = "$(TARGET_NAME)";
				SWIFT_VERSION = 4.0;
				TARGETED_DEVICE_FAMILY = "1,2";
				TEST_TARGET_NAME = Expenses;
			};
			name = Release;
		};
/* End XCBuildConfiguration section */

/* Begin XCConfigurationList section */
		2D40D70420CB4FF9001E28FA /* Build configuration list for PBXProject "Expenses" */ = {
			isa = XCConfigurationList;
			buildConfigurations = (
				2D40D72720CB4FFA001E28FA /* Debug */,
				2D40D72820CB4FFA001E28FA /* Release */,
			);
			defaultConfigurationIsVisible = 0;
			defaultConfigurationName = Release;
		};
		2D40D72920CB4FFA001E28FA /* Build configuration list for PBXNativeTarget "Expenses" */ = {
			isa = XCConfigurationList;
			buildConfigurations = (
				2D40D72A20CB4FFA001E28FA /* Debug */,
				2D40D72B20CB4FFA001E28FA /* Release */,
			);
			defaultConfigurationIsVisible = 0;
			defaultConfigurationName = Release;
		};
		2D40D72C20CB4FFA001E28FA /* Build configuration list for PBXNativeTarget "ExpensesUITests" */ = {
			isa = XCConfigurationList;
			buildConfigurations = (
				2D40D72D20CB4FFA001E28FA /* Debug */,
				2D40D72E20CB4FFA001E28FA /* Release */,
			);
			defaultConfigurationIsVisible = 0;
			defaultConfigurationName = Release;
		};
/* End XCConfigurationList section */

/* Begin XCVersionGroup section */
		2D40D71320CB4FF9001E28FA /* Expenses.xcdatamodeld */ = {
			isa = XCVersionGroup;
			children = (
				2D40D71420CB4FF9001E28FA /* Expenses.xcdatamodel */,
			);
			currentVersion = 2D40D71420CB4FF9001E28FA /* Expenses.xcdatamodel */;
			path = Expenses.xcdatamodeld;
			sourceTree = "<group>";
			versionGroupType = wrapper.xcdatamodel;
		};
/* End XCVersionGroup section */
	};
	rootObject = 2D40D70120CB4FF9001E28FA /* Project object */;
}
